// !$*UTF8*$!
{
	archiveVersion = 1;
	classes = {
	};
	objectVersion = 46;
	objects = {

/* Begin PBXBuildFile section */
		14B94B4F0E584FAAC85AEB20 /* Pods_MMH.framework in Frameworks */ = {isa = PBXBuildFile; fileRef = F534F4FBA3A7FA1E01E2600E /* Pods_MMH.framework */; };
		4D1163111F6B38B400EDE591 /* DaySummaryTableViewController.swift in Sources */ = {isa = PBXBuildFile; fileRef = 4D1163101F6B38B400EDE591 /* DaySummaryTableViewController.swift */; };
		4D8D995B1F54BEEB0045F03B /* AppDelegate.swift in Sources */ = {isa = PBXBuildFile; fileRef = 4D8D995A1F54BEEB0045F03B /* AppDelegate.swift */; };
		4D8D99601F54BEEB0045F03B /* Main.storyboard in Resources */ = {isa = PBXBuildFile; fileRef = 4D8D995E1F54BEEB0045F03B /* Main.storyboard */; };
		4D8D99621F54BEEB0045F03B /* Assets.xcassets in Resources */ = {isa = PBXBuildFile; fileRef = 4D8D99611F54BEEB0045F03B /* Assets.xcassets */; };
		4D8D99651F54BEEB0045F03B /* LaunchScreen.storyboard in Resources */ = {isa = PBXBuildFile; fileRef = 4D8D99631F54BEEB0045F03B /* LaunchScreen.storyboard */; };
		4D8D996E1F54C3A80045F03B /* DaySummaryViewController.swift in Sources */ = {isa = PBXBuildFile; fileRef = 4D8D996D1F54C3A80045F03B /* DaySummaryViewController.swift */; };
		4D8D99751F55BFA70045F03B /* MMH.xcdatamodeld in Sources */ = {isa = PBXBuildFile; fileRef = 4D8D99731F55BFA70045F03B /* MMH.xcdatamodeld */; };
		4D8D99771F55C74C0045F03B /* Day+Convenience.swift in Sources */ = {isa = PBXBuildFile; fileRef = 4D8D99761F55C74C0045F03B /* Day+Convenience.swift */; };
		4D8D99791F55C8460045F03B /* CoreDataStack.swift in Sources */ = {isa = PBXBuildFile; fileRef = 4D8D99781F55C8460045F03B /* CoreDataStack.swift */; };
		4D8D997B1F55C8FF0045F03B /* Medication+Convenience.swift in Sources */ = {isa = PBXBuildFile; fileRef = 4D8D997A1F55C8FF0045F03B /* Medication+Convenience.swift */; };
		4D8D997D1F55CAD80045F03B /* Provider+Convenience.swift in Sources */ = {isa = PBXBuildFile; fileRef = 4D8D997C1F55CAD80045F03B /* Provider+Convenience.swift */; };
		4D8D99801F55CEB20045F03B /* MedSearchTableViewController.swift in Sources */ = {isa = PBXBuildFile; fileRef = 4D8D997F1F55CEB20045F03B /* MedSearchTableViewController.swift */; };
		4D8D99821F55CEF80045F03B /* MedSearchController.swift in Sources */ = {isa = PBXBuildFile; fileRef = 4D8D99811F55CEF80045F03B /* MedSearchController.swift */; };
		4D8D99881F55DBF30045F03B /* DayController.swift in Sources */ = {isa = PBXBuildFile; fileRef = 4D8D99871F55DBF30045F03B /* DayController.swift */; };
		4D8D998A1F55DC150045F03B /* MedicationController.swift in Sources */ = {isa = PBXBuildFile; fileRef = 4D8D99891F55DC150045F03B /* MedicationController.swift */; };
		4D8D998C1F55DC8D0045F03B /* ProviderController.swift in Sources */ = {isa = PBXBuildFile; fileRef = 4D8D998B1F55DC8D0045F03B /* ProviderController.swift */; };
		4D8D998E1F55E3F60045F03B /* MedListTableViewController.swift in Sources */ = {isa = PBXBuildFile; fileRef = 4D8D998D1F55E3F60045F03B /* MedListTableViewController.swift */; };
		4D8D99901F5625680045F03B /* ProviderListTableViewController.swift in Sources */ = {isa = PBXBuildFile; fileRef = 4D8D998F1F5625680045F03B /* ProviderListTableViewController.swift */; };
		4D8D99951F563F940045F03B /* DayListTableViewController.swift in Sources */ = {isa = PBXBuildFile; fileRef = 4D8D99941F563F940045F03B /* DayListTableViewController.swift */; };
		4D8D999C1F5725F90045F03B /* GraphChartTableViewController.swift in Sources */ = {isa = PBXBuildFile; fileRef = 4D8D999B1F5725F90045F03B /* GraphChartTableViewController.swift */; };
		4D8D999E1F575AE80045F03B /* DateHelpers.swift in Sources */ = {isa = PBXBuildFile; fileRef = 4D8D999D1F575AE80045F03B /* DateHelpers.swift */; };
		4D8D99A21F587C220045F03B /* MoodSelectionViewController.swift in Sources */ = {isa = PBXBuildFile; fileRef = 4D8D99A11F587C220045F03B /* MoodSelectionViewController.swift */; };
		4D8D99A41F587C490045F03B /* MoodConroller.swift in Sources */ = {isa = PBXBuildFile; fileRef = 4D8D99A31F587C490045F03B /* MoodConroller.swift */; };
		4D8D99A61F587FED0045F03B /* Mood.swift in Sources */ = {isa = PBXBuildFile; fileRef = 4D8D99A51F587FED0045F03B /* Mood.swift */; };
		4DB94FD21F673C2E001A1B84 /* AddProviderTableViewController.swift in Sources */ = {isa = PBXBuildFile; fileRef = 4DB94FD11F673C2E001A1B84 /* AddProviderTableViewController.swift */; };
		4DB94FD61F68311C001A1B84 /* MedAddTableViewController.swift in Sources */ = {isa = PBXBuildFile; fileRef = 4DB94FD51F68311C001A1B84 /* MedAddTableViewController.swift */; };
		4DB94FD91F68887C001A1B84 /* LoginViewController.swift in Sources */ = {isa = PBXBuildFile; fileRef = 4DB94FD81F68887C001A1B84 /* LoginViewController.swift */; };
		4DB94FDC1F689455001A1B84 /* TouchIDAuthentication.swift in Sources */ = {isa = PBXBuildFile; fileRef = 4DB94FDB1F689455001A1B84 /* TouchIDAuthentication.swift */; };
/* End PBXBuildFile section */

/* Begin PBXFileReference section */
		4D1163101F6B38B400EDE591 /* DaySummaryTableViewController.swift */ = {isa = PBXFileReference; fileEncoding = 4; lastKnownFileType = sourcecode.swift; path = DaySummaryTableViewController.swift; sourceTree = "<group>"; };
		4D8D99571F54BEEB0045F03B /* MMH.app */ = {isa = PBXFileReference; explicitFileType = wrapper.application; includeInIndex = 0; path = MMH.app; sourceTree = BUILT_PRODUCTS_DIR; };
		4D8D995A1F54BEEB0045F03B /* AppDelegate.swift */ = {isa = PBXFileReference; lastKnownFileType = sourcecode.swift; path = AppDelegate.swift; sourceTree = "<group>"; };
		4D8D995F1F54BEEB0045F03B /* Base */ = {isa = PBXFileReference; lastKnownFileType = file.storyboard; name = Base; path = Base.lproj/Main.storyboard; sourceTree = "<group>"; };
		4D8D99611F54BEEB0045F03B /* Assets.xcassets */ = {isa = PBXFileReference; lastKnownFileType = folder.assetcatalog; path = Assets.xcassets; sourceTree = "<group>"; };
		4D8D99641F54BEEB0045F03B /* Base */ = {isa = PBXFileReference; lastKnownFileType = file.storyboard; name = Base; path = Base.lproj/LaunchScreen.storyboard; sourceTree = "<group>"; };
		4D8D99661F54BEEB0045F03B /* Info.plist */ = {isa = PBXFileReference; lastKnownFileType = text.plist.xml; path = Info.plist; sourceTree = "<group>"; };
		4D8D996D1F54C3A80045F03B /* DaySummaryViewController.swift */ = {isa = PBXFileReference; fileEncoding = 4; lastKnownFileType = sourcecode.swift; path = DaySummaryViewController.swift; sourceTree = "<group>"; };
		4D8D99741F55BFA70045F03B /* MMH.xcdatamodel */ = {isa = PBXFileReference; lastKnownFileType = wrapper.xcdatamodel; path = MMH.xcdatamodel; sourceTree = "<group>"; };
		4D8D99761F55C74C0045F03B /* Day+Convenience.swift */ = {isa = PBXFileReference; fileEncoding = 4; lastKnownFileType = sourcecode.swift; path = "Day+Convenience.swift"; sourceTree = "<group>"; };
		4D8D99781F55C8460045F03B /* CoreDataStack.swift */ = {isa = PBXFileReference; fileEncoding = 4; lastKnownFileType = sourcecode.swift; path = CoreDataStack.swift; sourceTree = "<group>"; };
		4D8D997A1F55C8FF0045F03B /* Medication+Convenience.swift */ = {isa = PBXFileReference; fileEncoding = 4; lastKnownFileType = sourcecode.swift; path = "Medication+Convenience.swift"; sourceTree = "<group>"; };
		4D8D997C1F55CAD80045F03B /* Provider+Convenience.swift */ = {isa = PBXFileReference; fileEncoding = 4; lastKnownFileType = sourcecode.swift; path = "Provider+Convenience.swift"; sourceTree = "<group>"; };
		4D8D997F1F55CEB20045F03B /* MedSearchTableViewController.swift */ = {isa = PBXFileReference; fileEncoding = 4; lastKnownFileType = sourcecode.swift; path = MedSearchTableViewController.swift; sourceTree = "<group>"; };
		4D8D99811F55CEF80045F03B /* MedSearchController.swift */ = {isa = PBXFileReference; fileEncoding = 4; lastKnownFileType = sourcecode.swift; path = MedSearchController.swift; sourceTree = "<group>"; };
		4D8D99871F55DBF30045F03B /* DayController.swift */ = {isa = PBXFileReference; fileEncoding = 4; lastKnownFileType = sourcecode.swift; path = DayController.swift; sourceTree = "<group>"; };
		4D8D99891F55DC150045F03B /* MedicationController.swift */ = {isa = PBXFileReference; fileEncoding = 4; lastKnownFileType = sourcecode.swift; path = MedicationController.swift; sourceTree = "<group>"; };
		4D8D998B1F55DC8D0045F03B /* ProviderController.swift */ = {isa = PBXFileReference; fileEncoding = 4; lastKnownFileType = sourcecode.swift; path = ProviderController.swift; sourceTree = "<group>"; };
		4D8D998D1F55E3F60045F03B /* MedListTableViewController.swift */ = {isa = PBXFileReference; fileEncoding = 4; lastKnownFileType = sourcecode.swift; path = MedListTableViewController.swift; sourceTree = "<group>"; };
		4D8D998F1F5625680045F03B /* ProviderListTableViewController.swift */ = {isa = PBXFileReference; fileEncoding = 4; lastKnownFileType = sourcecode.swift; path = ProviderListTableViewController.swift; sourceTree = "<group>"; };
		4D8D99941F563F940045F03B /* DayListTableViewController.swift */ = {isa = PBXFileReference; fileEncoding = 4; lastKnownFileType = sourcecode.swift; path = DayListTableViewController.swift; sourceTree = "<group>"; };
		4D8D999B1F5725F90045F03B /* GraphChartTableViewController.swift */ = {isa = PBXFileReference; fileEncoding = 4; lastKnownFileType = sourcecode.swift; path = GraphChartTableViewController.swift; sourceTree = "<group>"; };
		4D8D999D1F575AE80045F03B /* DateHelpers.swift */ = {isa = PBXFileReference; fileEncoding = 4; lastKnownFileType = sourcecode.swift; path = DateHelpers.swift; sourceTree = "<group>"; };
		4D8D99A11F587C220045F03B /* MoodSelectionViewController.swift */ = {isa = PBXFileReference; fileEncoding = 4; lastKnownFileType = sourcecode.swift; path = MoodSelectionViewController.swift; sourceTree = "<group>"; };
		4D8D99A31F587C490045F03B /* MoodConroller.swift */ = {isa = PBXFileReference; fileEncoding = 4; lastKnownFileType = sourcecode.swift; path = MoodConroller.swift; sourceTree = "<group>"; };
		4D8D99A51F587FED0045F03B /* Mood.swift */ = {isa = PBXFileReference; fileEncoding = 4; lastKnownFileType = sourcecode.swift; path = Mood.swift; sourceTree = "<group>"; };
		4DB94FD11F673C2E001A1B84 /* AddProviderTableViewController.swift */ = {isa = PBXFileReference; fileEncoding = 4; lastKnownFileType = sourcecode.swift; path = AddProviderTableViewController.swift; sourceTree = "<group>"; };
		4DB94FD51F68311C001A1B84 /* MedAddTableViewController.swift */ = {isa = PBXFileReference; fileEncoding = 4; lastKnownFileType = sourcecode.swift; path = MedAddTableViewController.swift; sourceTree = "<group>"; };
		4DB94FD81F68887C001A1B84 /* LoginViewController.swift */ = {isa = PBXFileReference; fileEncoding = 4; lastKnownFileType = sourcecode.swift; path = LoginViewController.swift; sourceTree = "<group>"; };
		4DB94FDB1F689455001A1B84 /* TouchIDAuthentication.swift */ = {isa = PBXFileReference; fileEncoding = 4; lastKnownFileType = sourcecode.swift; path = TouchIDAuthentication.swift; sourceTree = "<group>"; };
		4DDF6E586B367449AD92CD03 /* Pods-MMH.release.xcconfig */ = {isa = PBXFileReference; includeInIndex = 1; lastKnownFileType = text.xcconfig; name = "Pods-MMH.release.xcconfig"; path = "Pods/Target Support Files/Pods-MMH/Pods-MMH.release.xcconfig"; sourceTree = "<group>"; };
		D2CF91264FB0FAC5DE7DCFC1 /* Pods-MMH.debug.xcconfig */ = {isa = PBXFileReference; includeInIndex = 1; lastKnownFileType = text.xcconfig; name = "Pods-MMH.debug.xcconfig"; path = "Pods/Target Support Files/Pods-MMH/Pods-MMH.debug.xcconfig"; sourceTree = "<group>"; };
		F534F4FBA3A7FA1E01E2600E /* Pods_MMH.framework */ = {isa = PBXFileReference; explicitFileType = wrapper.framework; includeInIndex = 0; path = Pods_MMH.framework; sourceTree = BUILT_PRODUCTS_DIR; };
/* End PBXFileReference section */

/* Begin PBXFrameworksBuildPhase section */
		4D8D99541F54BEEB0045F03B /* Frameworks */ = {
			isa = PBXFrameworksBuildPhase;
			buildActionMask = 2147483647;
			files = (
				14B94B4F0E584FAAC85AEB20 /* Pods_MMH.framework in Frameworks */,
			);
			runOnlyForDeploymentPostprocessing = 0;
		};
/* End PBXFrameworksBuildPhase section */

/* Begin PBXGroup section */
		256782D6876B52F0B55AD79B /* Frameworks */ = {
			isa = PBXGroup;
			children = (
				F534F4FBA3A7FA1E01E2600E /* Pods_MMH.framework */,
			);
			name = Frameworks;
			sourceTree = "<group>";
		};
		4D8D994E1F54BEEB0045F03B = {
			isa = PBXGroup;
			children = (
				4D8D99591F54BEEB0045F03B /* MMH */,
				4D8D99581F54BEEB0045F03B /* Products */,
				BD135E8CF25E8EBB3E216F86 /* Pods */,
				256782D6876B52F0B55AD79B /* Frameworks */,
			);
			sourceTree = "<group>";
		};
		4D8D99581F54BEEB0045F03B /* Products */ = {
			isa = PBXGroup;
			children = (
				4D8D99571F54BEEB0045F03B /* MMH.app */,
			);
			name = Products;
			sourceTree = "<group>";
		};
		4D8D99591F54BEEB0045F03B /* MMH */ = {
			isa = PBXGroup;
			children = (
				4DB94FDA1F68943A001A1B84 /* TouchID */,
				4D8D997E1F55CBFC0045F03B /* Models */,
				4D8D995A1F54BEEB0045F03B /* AppDelegate.swift */,
				4D8D99781F55C8460045F03B /* CoreDataStack.swift */,
				4D8D99711F55BF5E0045F03B /* Storyboards */,
				4D8D996C1F54BF320045F03B /* Resources */,
				4D8D99721F55BF6B0045F03B /* View Controllers */,
				4D8D99861F55D8940045F03B /* Model Controllers */,
				4D8D999D1F575AE80045F03B /* DateHelpers.swift */,
			);
			path = MMH;
			sourceTree = "<group>";
		};
		4D8D996C1F54BF320045F03B /* Resources */ = {
			isa = PBXGroup;
			children = (
				4D8D99611F54BEEB0045F03B /* Assets.xcassets */,
				4D8D99631F54BEEB0045F03B /* LaunchScreen.storyboard */,
				4D8D99661F54BEEB0045F03B /* Info.plist */,
			);
			name = Resources;
			sourceTree = "<group>";
		};
		4D8D99711F55BF5E0045F03B /* Storyboards */ = {
			isa = PBXGroup;
			children = (
				4D8D995E1F54BEEB0045F03B /* Main.storyboard */,
			);
			name = Storyboards;
			sourceTree = "<group>";
		};
		4D8D99721F55BF6B0045F03B /* View Controllers */ = {
			isa = PBXGroup;
			children = (
				4DB94FD81F68887C001A1B84 /* LoginViewController.swift */,
				4DB94FD71F6839A7001A1B84 /* Graphs */,
				4D8D99851F55D1B50045F03B /* Medication */,
				4D8D99961F56456C0045F03B /* Day */,
				4D8D99931F562A4F0045F03B /* Provider */,
			);
			name = "View Controllers";
			sourceTree = "<group>";
		};
		4D8D997E1F55CBFC0045F03B /* Models */ = {
			isa = PBXGroup;
			children = (
				4D8D99731F55BFA70045F03B /* MMH.xcdatamodeld */,
				4D8D99761F55C74C0045F03B /* Day+Convenience.swift */,
				4D8D997A1F55C8FF0045F03B /* Medication+Convenience.swift */,
				4D8D997C1F55CAD80045F03B /* Provider+Convenience.swift */,
				4D8D99A51F587FED0045F03B /* Mood.swift */,
			);
			name = Models;
			sourceTree = "<group>";
		};
		4D8D99851F55D1B50045F03B /* Medication */ = {
			isa = PBXGroup;
			children = (
				4D8D997F1F55CEB20045F03B /* MedSearchTableViewController.swift */,
				4D8D998D1F55E3F60045F03B /* MedListTableViewController.swift */,
				4DB94FD51F68311C001A1B84 /* MedAddTableViewController.swift */,
			);
			name = Medication;
			sourceTree = "<group>";
		};
		4D8D99861F55D8940045F03B /* Model Controllers */ = {
			isa = PBXGroup;
			children = (
				4D8D99811F55CEF80045F03B /* MedSearchController.swift */,
				4D8D99871F55DBF30045F03B /* DayController.swift */,
				4D8D99891F55DC150045F03B /* MedicationController.swift */,
				4D8D998B1F55DC8D0045F03B /* ProviderController.swift */,
				4D8D99A31F587C490045F03B /* MoodConroller.swift */,
			);
			name = "Model Controllers";
			sourceTree = "<group>";
		};
		4D8D99931F562A4F0045F03B /* Provider */ = {
			isa = PBXGroup;
			children = (
				4D8D998F1F5625680045F03B /* ProviderListTableViewController.swift */,
				4DB94FD11F673C2E001A1B84 /* AddProviderTableViewController.swift */,
			);
			name = Provider;
			sourceTree = "<group>";
		};
		4D8D99961F56456C0045F03B /* Day */ = {
			isa = PBXGroup;
			children = (
				4D8D996D1F54C3A80045F03B /* DaySummaryViewController.swift */,
				4D8D99941F563F940045F03B /* DayListTableViewController.swift */,
				4D8D99A11F587C220045F03B /* MoodSelectionViewController.swift */,
				4D1163101F6B38B400EDE591 /* DaySummaryTableViewController.swift */,
			);
			name = Day;
			sourceTree = "<group>";
		};
		4DB94FD71F6839A7001A1B84 /* Graphs */ = {
			isa = PBXGroup;
			children = (
				4D8D999B1F5725F90045F03B /* GraphChartTableViewController.swift */,
			);
			name = Graphs;
			sourceTree = "<group>";
		};
		4DB94FDA1F68943A001A1B84 /* TouchID */ = {
			isa = PBXGroup;
			children = (
				4DB94FDB1F689455001A1B84 /* TouchIDAuthentication.swift */,
			);
			name = TouchID;
			sourceTree = "<group>";
		};
		BD135E8CF25E8EBB3E216F86 /* Pods */ = {
			isa = PBXGroup;
			children = (
				D2CF91264FB0FAC5DE7DCFC1 /* Pods-MMH.debug.xcconfig */,
				4DDF6E586B367449AD92CD03 /* Pods-MMH.release.xcconfig */,
			);
			name = Pods;
			sourceTree = "<group>";
		};
/* End PBXGroup section */

/* Begin PBXNativeTarget section */
		4D8D99561F54BEEB0045F03B /* MMH */ = {
			isa = PBXNativeTarget;
			buildConfigurationList = 4D8D99691F54BEEB0045F03B /* Build configuration list for PBXNativeTarget "MMH" */;
			buildPhases = (
				AA3B2AB48429E0D360FCF9CF /* [CP] Check Pods Manifest.lock */,
				4D8D99531F54BEEB0045F03B /* Sources */,
				4D8D99541F54BEEB0045F03B /* Frameworks */,
				4D8D99551F54BEEB0045F03B /* Resources */,
				88C66EB6C9AAE98D9B22E8A3 /* [CP] Embed Pods Frameworks */,
				3F9A459CA0626743DBD143D7 /* [CP] Copy Pods Resources */,
			);
			buildRules = (
			);
			dependencies = (
			);
			name = MMH;
			productName = MMH;
			productReference = 4D8D99571F54BEEB0045F03B /* MMH.app */;
			productType = "com.apple.product-type.application";
		};
/* End PBXNativeTarget section */

/* Begin PBXProject section */
		4D8D994F1F54BEEB0045F03B /* Project object */ = {
			isa = PBXProject;
			attributes = {
				LastSwiftUpdateCheck = 0830;
				LastUpgradeCheck = 0830;
				ORGANIZATIONNAME = "One Round Technology";
				TargetAttributes = {
					4D8D99561F54BEEB0045F03B = {
						CreatedOnToolsVersion = 8.3.3;
						DevelopmentTeam = ZD63VKN8QT;
						ProvisioningStyle = Automatic;
					};
				};
			};
			buildConfigurationList = 4D8D99521F54BEEB0045F03B /* Build configuration list for PBXProject "MMH" */;
			compatibilityVersion = "Xcode 3.2";
			developmentRegion = English;
			hasScannedForEncodings = 0;
			knownRegions = (
				en,
				Base,
			);
			mainGroup = 4D8D994E1F54BEEB0045F03B;
			productRefGroup = 4D8D99581F54BEEB0045F03B /* Products */;
			projectDirPath = "";
			projectRoot = "";
			targets = (
				4D8D99561F54BEEB0045F03B /* MMH */,
			);
		};
/* End PBXProject section */

/* Begin PBXResourcesBuildPhase section */
		4D8D99551F54BEEB0045F03B /* Resources */ = {
			isa = PBXResourcesBuildPhase;
			buildActionMask = 2147483647;
			files = (
				4D8D99651F54BEEB0045F03B /* LaunchScreen.storyboard in Resources */,
				4D8D99621F54BEEB0045F03B /* Assets.xcassets in Resources */,
				4D8D99601F54BEEB0045F03B /* Main.storyboard in Resources */,
			);
			runOnlyForDeploymentPostprocessing = 0;
		};
/* End PBXResourcesBuildPhase section */

/* Begin PBXShellScriptBuildPhase section */
		3F9A459CA0626743DBD143D7 /* [CP] Copy Pods Resources */ = {
			isa = PBXShellScriptBuildPhase;
			buildActionMask = 2147483647;
			files = (
			);
			inputPaths = (
			);
			name = "[CP] Copy Pods Resources";
			outputPaths = (
			);
			runOnlyForDeploymentPostprocessing = 0;
			shellPath = /bin/sh;
			shellScript = "\"${SRCROOT}/Pods/Target Support Files/Pods-MMH/Pods-MMH-resources.sh\"\n";
			showEnvVarsInLog = 0;
		};
		88C66EB6C9AAE98D9B22E8A3 /* [CP] Embed Pods Frameworks */ = {
			isa = PBXShellScriptBuildPhase;
			buildActionMask = 2147483647;
			files = (
			);
			inputPaths = (
				"${SRCROOT}/Pods/Target Support Files/Pods-MMH/Pods-MMH-frameworks.sh",
				"${BUILT_PRODUCTS_DIR}/Charts/Charts.framework",
			);
			name = "[CP] Embed Pods Frameworks";
			outputPaths = (
				"${TARGET_BUILD_DIR}/${FRAMEWORKS_FOLDER_PATH}/Charts.framework",
			);
			runOnlyForDeploymentPostprocessing = 0;
			shellPath = /bin/sh;
			shellScript = "\"${SRCROOT}/Pods/Target Support Files/Pods-MMH/Pods-MMH-frameworks.sh\"\n";
			showEnvVarsInLog = 0;
		};
		AA3B2AB48429E0D360FCF9CF /* [CP] Check Pods Manifest.lock */ = {
			isa = PBXShellScriptBuildPhase;
			buildActionMask = 2147483647;
			files = (
			);
			inputPaths = (
				"${PODS_PODFILE_DIR_PATH}/Podfile.lock",
				"${PODS_ROOT}/Manifest.lock",
			);
			name = "[CP] Check Pods Manifest.lock";
			outputPaths = (
				"$(DERIVED_FILE_DIR)/Pods-MMH-checkManifestLockResult.txt",
			);
			runOnlyForDeploymentPostprocessing = 0;
			shellPath = /bin/sh;
			shellScript = "diff \"${PODS_PODFILE_DIR_PATH}/Podfile.lock\" \"${PODS_ROOT}/Manifest.lock\" > /dev/null\nif [ $? != 0 ] ; then\n    # print error to STDERR\n    echo \"error: The sandbox is not in sync with the Podfile.lock. Run 'pod install' or update your CocoaPods installation.\" >&2\n    exit 1\nfi\n# This output is used by Xcode 'outputs' to avoid re-running this script phase.\necho \"SUCCESS\" > \"${SCRIPT_OUTPUT_FILE_0}\"\n";
			showEnvVarsInLog = 0;
		};
/* End PBXShellScriptBuildPhase section */

/* Begin PBXSourcesBuildPhase section */
		4D8D99531F54BEEB0045F03B /* Sources */ = {
			isa = PBXSourcesBuildPhase;
			buildActionMask = 2147483647;
			files = (
				4D8D998E1F55E3F60045F03B /* MedListTableViewController.swift in Sources */,
				4D8D99881F55DBF30045F03B /* DayController.swift in Sources */,
				4D8D999C1F5725F90045F03B /* GraphChartTableViewController.swift in Sources */,
				4DB94FD91F68887C001A1B84 /* LoginViewController.swift in Sources */,
				4DB94FD61F68311C001A1B84 /* MedAddTableViewController.swift in Sources */,
				4D8D997D1F55CAD80045F03B /* Provider+Convenience.swift in Sources */,
				4D8D99951F563F940045F03B /* DayListTableViewController.swift in Sources */,
				4D1163111F6B38B400EDE591 /* DaySummaryTableViewController.swift in Sources */,
				4D8D996E1F54C3A80045F03B /* DaySummaryViewController.swift in Sources */,
				4D8D998C1F55DC8D0045F03B /* ProviderController.swift in Sources */,
				4D8D99751F55BFA70045F03B /* MMH.xcdatamodeld in Sources */,
				4D8D99791F55C8460045F03B /* CoreDataStack.swift in Sources */,
				4D8D995B1F54BEEB0045F03B /* AppDelegate.swift in Sources */,
				4D8D99821F55CEF80045F03B /* MedSearchController.swift in Sources */,
				4D8D99A21F587C220045F03B /* MoodSelectionViewController.swift in Sources */,
				4DB94FDC1F689455001A1B84 /* TouchIDAuthentication.swift in Sources */,
				4D8D99901F5625680045F03B /* ProviderListTableViewController.swift in Sources */,
				4DB94FD21F673C2E001A1B84 /* AddProviderTableViewController.swift in Sources */,
				4D8D99A61F587FED0045F03B /* Mood.swift in Sources */,
				4D8D99771F55C74C0045F03B /* Day+Convenience.swift in Sources */,
				4D8D997B1F55C8FF0045F03B /* Medication+Convenience.swift in Sources */,
				4D8D999E1F575AE80045F03B /* DateHelpers.swift in Sources */,
				4D8D99A41F587C490045F03B /* MoodConroller.swift in Sources */,
				4D8D99801F55CEB20045F03B /* MedSearchTableViewController.swift in Sources */,
				4D8D998A1F55DC150045F03B /* MedicationController.swift in Sources */,
			);
			runOnlyForDeploymentPostprocessing = 0;
		};
/* End PBXSourcesBuildPhase section */

/* Begin PBXVariantGroup section */
		4D8D995E1F54BEEB0045F03B /* Main.storyboard */ = {
			isa = PBXVariantGroup;
			children = (
				4D8D995F1F54BEEB0045F03B /* Base */,
			);
			name = Main.storyboard;
			sourceTree = "<group>";
		};
		4D8D99631F54BEEB0045F03B /* LaunchScreen.storyboard */ = {
			isa = PBXVariantGroup;
			children = (
				4D8D99641F54BEEB0045F03B /* Base */,
			);
			name = LaunchScreen.storyboard;
			sourceTree = "<group>";
		};
/* End PBXVariantGroup section */

/* Begin XCBuildConfiguration section */
		4D8D99671F54BEEB0045F03B /* Debug */ = {
			isa = XCBuildConfiguration;
			buildSettings = {
				ALWAYS_SEARCH_USER_PATHS = NO;
				CLANG_ANALYZER_NONNULL = YES;
				CLANG_ANALYZER_NUMBER_OBJECT_CONVERSION = YES_AGGRESSIVE;
				CLANG_CXX_LANGUAGE_STANDARD = "gnu++0x";
				CLANG_CXX_LIBRARY = "libc++";
				CLANG_ENABLE_MODULES = YES;
				CLANG_ENABLE_OBJC_ARC = YES;
				CLANG_WARN_BOOL_CONVERSION = YES;
				CLANG_WARN_CONSTANT_CONVERSION = YES;
				CLANG_WARN_DIRECT_OBJC_ISA_USAGE = YES_ERROR;
				CLANG_WARN_DOCUMENTATION_COMMENTS = YES;
				CLANG_WARN_EMPTY_BODY = YES;
				CLANG_WARN_ENUM_CONVERSION = YES;
				CLANG_WARN_INFINITE_RECURSION = YES;
				CLANG_WARN_INT_CONVERSION = YES;
				CLANG_WARN_OBJC_ROOT_CLASS = YES_ERROR;
				CLANG_WARN_SUSPICIOUS_MOVE = YES;
				CLANG_WARN_UNREACHABLE_CODE = YES;
				CLANG_WARN__DUPLICATE_METHOD_MATCH = YES;
				"CODE_SIGN_IDENTITY[sdk=iphoneos*]" = "iPhone Developer";
				COPY_PHASE_STRIP = NO;
				DEBUG_INFORMATION_FORMAT = dwarf;
				ENABLE_STRICT_OBJC_MSGSEND = YES;
				ENABLE_TESTABILITY = YES;
				GCC_C_LANGUAGE_STANDARD = gnu99;
				GCC_DYNAMIC_NO_PIC = NO;
				GCC_NO_COMMON_BLOCKS = YES;
				GCC_OPTIMIZATION_LEVEL = 0;
				GCC_PREPROCESSOR_DEFINITIONS = (
					"DEBUG=1",
					"$(inherited)",
				);
				GCC_WARN_64_TO_32_BIT_CONVERSION = YES;
				GCC_WARN_ABOUT_RETURN_TYPE = YES_ERROR;
				GCC_WARN_UNDECLARED_SELECTOR = YES;
				GCC_WARN_UNINITIALIZED_AUTOS = YES_AGGRESSIVE;
				GCC_WARN_UNUSED_FUNCTION = YES;
				GCC_WARN_UNUSED_VARIABLE = YES;
				IPHONEOS_DEPLOYMENT_TARGET = 10.3;
				MTL_ENABLE_DEBUG_INFO = YES;
				ONLY_ACTIVE_ARCH = YES;
				SDKROOT = iphoneos;
				SWIFT_ACTIVE_COMPILATION_CONDITIONS = DEBUG;
				SWIFT_OPTIMIZATION_LEVEL = "-Onone";
			};
			name = Debug;
		};
		4D8D99681F54BEEB0045F03B /* Release */ = {
			isa = XCBuildConfiguration;
			buildSettings = {
				ALWAYS_SEARCH_USER_PATHS = NO;
				CLANG_ANALYZER_NONNULL = YES;
				CLANG_ANALYZER_NUMBER_OBJECT_CONVERSION = YES_AGGRESSIVE;
				CLANG_CXX_LANGUAGE_STANDARD = "gnu++0x";
				CLANG_CXX_LIBRARY = "libc++";
				CLANG_ENABLE_MODULES = YES;
				CLANG_ENABLE_OBJC_ARC = YES;
				CLANG_WARN_BOOL_CONVERSION = YES;
				CLANG_WARN_CONSTANT_CONVERSION = YES;
				CLANG_WARN_DIRECT_OBJC_ISA_USAGE = YES_ERROR;
				CLANG_WARN_DOCUMENTATION_COMMENTS = YES;
				CLANG_WARN_EMPTY_BODY = YES;
				CLANG_WARN_ENUM_CONVERSION = YES;
				CLANG_WARN_INFINITE_RECURSION = YES;
				CLANG_WARN_INT_CONVERSION = YES;
				CLANG_WARN_OBJC_ROOT_CLASS = YES_ERROR;
				CLANG_WARN_SUSPICIOUS_MOVE = YES;
				CLANG_WARN_UNREACHABLE_CODE = YES;
				CLANG_WARN__DUPLICATE_METHOD_MATCH = YES;
				"CODE_SIGN_IDENTITY[sdk=iphoneos*]" = "iPhone Developer";
				COPY_PHASE_STRIP = NO;
				DEBUG_INFORMATION_FORMAT = "dwarf-with-dsym";
				ENABLE_NS_ASSERTIONS = NO;
				ENABLE_STRICT_OBJC_MSGSEND = YES;
				GCC_C_LANGUAGE_STANDARD = gnu99;
				GCC_NO_COMMON_BLOCKS = YES;
				GCC_WARN_64_TO_32_BIT_CONVERSION = YES;
				GCC_WARN_ABOUT_RETURN_TYPE = YES_ERROR;
				GCC_WARN_UNDECLARED_SELECTOR = YES;
				GCC_WARN_UNINITIALIZED_AUTOS = YES_AGGRESSIVE;
				GCC_WARN_UNUSED_FUNCTION = YES;
				GCC_WARN_UNUSED_VARIABLE = YES;
				IPHONEOS_DEPLOYMENT_TARGET = 10.3;
				MTL_ENABLE_DEBUG_INFO = NO;
				SDKROOT = iphoneos;
				SWIFT_OPTIMIZATION_LEVEL = "-Owholemodule";
				VALIDATE_PRODUCT = YES;
			};
			name = Release;
		};
		4D8D996A1F54BEEB0045F03B /* Debug */ = {
			isa = XCBuildConfiguration;
			baseConfigurationReference = D2CF91264FB0FAC5DE7DCFC1 /* Pods-MMH.debug.xcconfig */;
			buildSettings = {
				ASSETCATALOG_COMPILER_APPICON_NAME = AppIcon;
				DEVELOPMENT_TEAM = ZD63VKN8QT;
				INFOPLIST_FILE = MMH/Info.plist;
				LD_RUNPATH_SEARCH_PATHS = "$(inherited) @executable_path/Frameworks";
				PRODUCT_BUNDLE_IDENTIFIER = com.OneRoundTechnology.MMH;
				PRODUCT_NAME = "$(TARGET_NAME)";
				SWIFT_VERSION = 3.0;
			};
			name = Debug;
		};
		4D8D996B1F54BEEB0045F03B /* Release */ = {
			isa = XCBuildConfiguration;
			baseConfigurationReference = 4DDF6E586B367449AD92CD03 /* Pods-MMH.release.xcconfig */;
			buildSettings = {
				ASSETCATALOG_COMPILER_APPICON_NAME = AppIcon;
				DEVELOPMENT_TEAM = ZD63VKN8QT;
				INFOPLIST_FILE = MMH/Info.plist;
				LD_RUNPATH_SEARCH_PATHS = "$(inherited) @executable_path/Frameworks";
				PRODUCT_BUNDLE_IDENTIFIER = com.OneRoundTechnology.MMH;
				PRODUCT_NAME = "$(TARGET_NAME)";
				SWIFT_VERSION = 3.0;
			};
			name = Release;
		};
/* End XCBuildConfiguration section */

/* Begin XCConfigurationList section */
		4D8D99521F54BEEB0045F03B /* Build configuration list for PBXProject "MMH" */ = {
			isa = XCConfigurationList;
			buildConfigurations = (
				4D8D99671F54BEEB0045F03B /* Debug */,
				4D8D99681F54BEEB0045F03B /* Release */,
			);
			defaultConfigurationIsVisible = 0;
			defaultConfigurationName = Release;
		};
		4D8D99691F54BEEB0045F03B /* Build configuration list for PBXNativeTarget "MMH" */ = {
			isa = XCConfigurationList;
			buildConfigurations = (
				4D8D996A1F54BEEB0045F03B /* Debug */,
				4D8D996B1F54BEEB0045F03B /* Release */,
			);
			defaultConfigurationIsVisible = 0;
			defaultConfigurationName = Release;
		};
/* End XCConfigurationList section */

/* Begin XCVersionGroup section */
		4D8D99731F55BFA70045F03B /* MMH.xcdatamodeld */ = {
			isa = XCVersionGroup;
			children = (
				4D8D99741F55BFA70045F03B /* MMH.xcdatamodel */,
			);
			currentVersion = 4D8D99741F55BFA70045F03B /* MMH.xcdatamodel */;
			path = MMH.xcdatamodeld;
			sourceTree = "<group>";
			versionGroupType = wrapper.xcdatamodel;
		};
/* End XCVersionGroup section */
	};
	rootObject = 4D8D994F1F54BEEB0045F03B /* Project object */;
}
